
Microsoft Visual Studio Solution File, Format Version 12.00
# Visual Studio Version 16
VisualStudioVersion = 16.0.30611.23
MinimumVisualStudioVersion = 10.0.40219.1
Project("{FAE04EC0-301F-11D3-BF4B-00C04F79EFBC}") = "Vendas-Ingressos", "Vendas-Ingressos\Vendas-Ingressos.csproj", "{1E231FD6-D18B-4FBE-B206-E92FBF853C1D}"
EndProject
Project("{FAE04EC0-301F-11D3-BF4B-00C04F79EFBC}") = "Processador-Vendas", "Processador-Vendas\Processador-Vendas.csproj", "{FEB15C17-3CCC-46ED-8472-F2B3E9E8A39B}"
EndProject
Global
	GlobalSection(SolutionConfigurationPlatforms) = preSolution
		Debug|Any CPU = Debug|Any CPU
		Release|Any CPU = Release|Any CPU
	EndGlobalSection
	GlobalSection(ProjectConfigurationPlatforms) = postSolution
		{1E231FD6-D18B-4FBE-B206-E92FBF853C1D}.Debug|Any CPU.ActiveCfg = Debug|Any CPU
		{1E231FD6-D18B-4FBE-B206-E92FBF853C1D}.Debug|Any CPU.Build.0 = Debug|Any CPU
		{1E231FD6-D18B-4FBE-B206-E92FBF853C1D}.Release|Any CPU.ActiveCfg = Release|Any CPU
		{1E231FD6-D18B-4FBE-B206-E92FBF853C1D}.Release|Any CPU.Build.0 = Release|Any CPU
		{FEB15C17-3CCC-46ED-8472-F2B3E9E8A39B}.Debug|Any CPU.ActiveCfg = Debug|Any CPU
		{FEB15C17-3CCC-46ED-8472-F2B3E9E8A39B}.Debug|Any CPU.Build.0 = Debug|Any CPU
		{FEB15C17-3CCC-46ED-8472-F2B3E9E8A39B}.Release|Any CPU.ActiveCfg = Release|Any CPU
		{FEB15C17-3CCC-46ED-8472-F2B3E9E8A39B}.Release|Any CPU.Build.0 = Release|Any CPU
	EndGlobalSection
	GlobalSection(SolutionProperties) = preSolution
		HideSolutionNode = FALSE
	EndGlobalSection
	GlobalSection(ExtensibilityGlobals) = postSolution
		SolutionGuid = {736FFED5-AD83-4E1B-9F4E-3C232AB0EA24}
	EndGlobalSection
EndGlobal
